
Microsoft Visual Studio Solution File, Format Version 12.00
# Visual Studio Version 17
VisualStudioVersion = 17.13.35931.197 d17.13
MinimumVisualStudioVersion = 10.0.40219.1
Project("{FAE04EC0-301F-11D3-BF4B-00C04F79EFBC}") = "CRUD", "CRUD\CRUD.csproj", "{B372762E-0E0F-4E6A-8282-80842FDB278F}"
EndProject
Global
	GlobalSection(SolutionConfigurationPlatforms) = preSolution
		Debug|Any CPU = Debug|Any CPU
		Release|Any CPU = Release|Any CPU
	EndGlobalSection
	GlobalSection(ProjectConfigurationPlatforms) = postSolution
		{B372762E-0E0F-4E6A-8282-80842FDB278F}.Debug|Any CPU.ActiveCfg = Debug|Any CPU
		{B372762E-0E0F-4E6A-8282-80842FDB278F}.Debug|Any CPU.Build.0 = Debug|Any CPU
		{B372762E-0E0F-4E6A-8282-80842FDB278F}.Release|Any CPU.ActiveCfg = Release|Any CPU
		{B372762E-0E0F-4E6A-8282-80842FDB278F}.Release|Any CPU.Build.0 = Release|Any CPU
	EndGlobalSection
	GlobalSection(SolutionProperties) = preSolution
		HideSolutionNode = FALSE
	EndGlobalSection
	GlobalSection(ExtensibilityGlobals) = postSolution
		SolutionGuid = {BB60F72D-4BDA-4914-9C76-E23DBD2C9180}
	EndGlobalSection
EndGlobal
